
Microsoft Visual Studio Solution File, Format Version 12.00
# Visual Studio Version 17
VisualStudioVersion = 17.8.34322.80
MinimumVisualStudioVersion = 10.0.40219.1
Project("{FAE04EC0-301F-11D3-BF4B-00C04F79EFBC}") = "Modul10.HW", "Modul10.HW\Modul10.HW.csproj", "{B2158587-04AB-4910-B756-A93D65C0E88A}"
EndProject
Global
	GlobalSection(SolutionConfigurationPlatforms) = preSolution
		Debug|Any CPU = Debug|Any CPU
		Release|Any CPU = Release|Any CPU
	EndGlobalSection
	GlobalSection(ProjectConfigurationPlatforms) = postSolution
		{B2158587-04AB-4910-B756-A93D65C0E88A}.Debug|Any CPU.ActiveCfg = Debug|Any CPU
		{B2158587-04AB-4910-B756-A93D65C0E88A}.Debug|Any CPU.Build.0 = Debug|Any CPU
		{B2158587-04AB-4910-B756-A93D65C0E88A}.Release|Any CPU.ActiveCfg = Release|Any CPU
		{B2158587-04AB-4910-B756-A93D65C0E88A}.Release|Any CPU.Build.0 = Release|Any CPU
	EndGlobalSection
	GlobalSection(SolutionProperties) = preSolution
		HideSolutionNode = FALSE
	EndGlobalSection
	GlobalSection(ExtensibilityGlobals) = postSolution
		SolutionGuid = {7BF730EA-C022-4B23-A2ED-66426FC083F3}
	EndGlobalSection
EndGlobal
